<?xml version="1.0" encoding="utf-8"?>
<Project ToolsVersion="4.0" xmlns="http://schemas.microsoft.com/developer/msbuild/2003">
  <ItemGroup>
    <Filter Include="resources">
      <UniqueIdentifier>{67DA6AB6-F800-4c08-8B7A-83BB121AAD01}</UniqueIdentifier>
      <Extensions>rc;ico;cur;bmp;dlg;rc2;rct;bin;rgs;gif;jpg;jpeg;jpe;resx;tiff;tif;png;wav;mfcribbon-ms</Extensions>
    </Filter>
    <Filter Include="resources\objects">
      <UniqueIdentifier>{882b382d-e575-4797-a347-20a526b4fdc7}</UniqueIdentifier>
    </Filter>
    <Filter Include="resources\objects\backpack">
      <UniqueIdentifier>{47c95e00-5db3-49f1-8aee-566975201057}</UniqueIdentifier>
    </Filter>
    <Filter Include="resources\shaders">
      <UniqueIdentifier>{cefa611b-a94d-404c-bc6b-095ffd1af1f0}</UniqueIdentifier>
    </Filter>
    <Filter Include="headers">
      <UniqueIdentifier>{93995380-89BD-4b04-88EB-625FBE52EBFB}</UniqueIdentifier>
      <Extensions>h;hh;hpp;hxx;h++;hm;inl;inc;ipp;xsd</Extensions>
    </Filter>
    <Filter Include="src">
      <UniqueIdentifier>{4FC737F1-C7A5-4376-A066-2A32D752A2FF}</UniqueIdentifier>
      <Extensions>cpp;c;cc;cxx;c++;cppm;ixx;def;odl;idl;hpj;bat;asm;asmx</Extensions>
    </Filter>
    <Filter Include="resources\textures">
      <UniqueIdentifier>{7006691a-ac3b-40ab-8f85-3d2720a478ce}</UniqueIdentifier>
    </Filter>
  </ItemGroup>
  <ItemGroup>
    <Text Include="resources\objects\backpack\source_attribution.txt">
      <Filter>resources\objects\backpack</Filter>
    </Text>
  </ItemGroup>
  <ItemGroup>
    <None Include="resources\objects\backpack\backpack.mtl">
      <Filter>resources\objects\backpack</Filter>
    </None>
    <None Include="resources\shaders\default.fs">
      <Filter>resources\shaders</Filter>
    </None>
    <None Include="resources\shaders\default.vs">
      <Filter>resources\shaders</Filter>
    </None>
  </ItemGroup>
  <ItemGroup>
    <Image Include="..\..\..\..\Downloads\checker.jpg">
      <Filter>resources\textures</Filter>
    </Image>
    <Image Include="resources\objects\backpack\ao.jpg">
      <Filter>resources\objects\backpack</Filter>
    </Image>
    <Image Include="resources\objects\backpack\diffuse.jpg">
      <Filter>resources\objects\backpack</Filter>
    </Image>
    <Image Include="resources\objects\backpack\normal.png">
      <Filter>resources\objects\backpack</Filter>
    </Image>
    <Image Include="resources\objects\backpack\roughness.jpg">
      <Filter>resources\objects\backpack</Filter>
    </Image>
    <Image Include="resources\objects\backpack\specular.jpg">
      <Filter>resources\objects\backpack</Filter>
    </Image>
    <Image Include="resources\objects\backpack\backpack.obj">
      <Filter>resources\objects\backpack</Filter>
    </Image>
  </ItemGroup>
  <ItemGroup>
    <ClInclude Include="src\headers\camera.h">
      <Filter>headers</Filter>
    </ClInclude>
    <ClInclude Include="src\headers\mesh.h">
      <Filter>headers</Filter>
    </ClInclude>
    <ClInclude Include="src\headers\model.h">
      <Filter>headers</Filter>
    </ClInclude>
    <ClInclude Include="src\headers\shader.h">
      <Filter>headers</Filter>
    </ClInclude>
  </ItemGroup>
  <ItemGroup>
    <ClCompile Include="src\glad.c">
      <Filter>src</Filter>
    </ClCompile>
    <ClCompile Include="src\main.cpp">
      <Filter>src</Filter>
    </ClCompile>
    <ClCompile Include="src\stb.cpp">
      <Filter>src</Filter>
    </ClCompile>
  </ItemGroup>
</Project>